
Microsoft Visual Studio Solution File, Format Version 12.00
# Visual Studio Version 16
VisualStudioVersion = 16.0.31019.35
MinimumVisualStudioVersion = 10.0.40219.1
Project("{8BC9CEB8-8B4A-11D0-8D11-00A0C91BC942}") = "B+", "Engine\B+.vcxproj", "{C8AC2B05-88B0-4AC6-A3EE-126CDEE7C10C}"
	ProjectSection(ProjectDependencies) = postProject
		{21E17C6F-C851-408A-84AC-3DBB934D8D56} = {21E17C6F-C851-408A-84AC-3DBB934D8D56}
	EndProjectSection
EndProject
Project("{8BC9CEB8-8B4A-11D0-8D11-00A0C91BC942}") = "AppTemplate", "AppTemplate\AppTemplate.vcxproj", "{82405685-1F56-4345-AAA7-BDE2127682FD}"
	ProjectSection(ProjectDependencies) = postProject
		{C8AC2B05-88B0-4AC6-A3EE-126CDEE7C10C} = {C8AC2B05-88B0-4AC6-A3EE-126CDEE7C10C}
	EndProjectSection
EndProject
Project("{8BC9CEB8-8B4A-11D0-8D11-00A0C91BC942}") = "UnitTests", "UnitTests\UnitTests.vcxproj", "{CFBD29BA-0078-4366-BA99-73C68832B766}"
	ProjectSection(ProjectDependencies) = postProject
		{C8AC2B05-88B0-4AC6-A3EE-126CDEE7C10C} = {C8AC2B05-88B0-4AC6-A3EE-126CDEE7C10C}
	EndProjectSection
EndProject
Project("{8BC9CEB8-8B4A-11D0-8D11-00A0C91BC942}") = "GeomGenerator", "Engine\dependencies\Projects\generator.vcxproj", "{21E17C6F-C851-408A-84AC-3DBB934D8D56}"
EndProject
Global
	GlobalSection(SolutionConfigurationPlatforms) = preSolution
		Debug|x64 = Debug|x64
		Debug|x86 = Debug|x86
		MinSizeRel|x64 = MinSizeRel|x64
		MinSizeRel|x86 = MinSizeRel|x86
		Release|x64 = Release|x64
		Release|x86 = Release|x86
		RelWithDebInfo|x64 = RelWithDebInfo|x64
		RelWithDebInfo|x86 = RelWithDebInfo|x86
	EndGlobalSection
	GlobalSection(ProjectConfigurationPlatforms) = postSolution
		{C8AC2B05-88B0-4AC6-A3EE-126CDEE7C10C}.Debug|x64.ActiveCfg = Debug|x64
		{C8AC2B05-88B0-4AC6-A3EE-126CDEE7C10C}.Debug|x64.Build.0 = Debug|x64
		{C8AC2B05-88B0-4AC6-A3EE-126CDEE7C10C}.Debug|x86.ActiveCfg = Debug|Win32
		{C8AC2B05-88B0-4AC6-A3EE-126CDEE7C10C}.Debug|x86.Build.0 = Debug|Win32
		{C8AC2B05-88B0-4AC6-A3EE-126CDEE7C10C}.MinSizeRel|x64.ActiveCfg = Release|x64
		{C8AC2B05-88B0-4AC6-A3EE-126CDEE7C10C}.MinSizeRel|x64.Build.0 = Release|x64
		{C8AC2B05-88B0-4AC6-A3EE-126CDEE7C10C}.MinSizeRel|x86.ActiveCfg = Release|Win32
		{C8AC2B05-88B0-4AC6-A3EE-126CDEE7C10C}.MinSizeRel|x86.Build.0 = Release|Win32
		{C8AC2B05-88B0-4AC6-A3EE-126CDEE7C10C}.Release|x64.ActiveCfg = Release|x64
		{C8AC2B05-88B0-4AC6-A3EE-126CDEE7C10C}.Release|x64.Build.0 = Release|x64
		{C8AC2B05-88B0-4AC6-A3EE-126CDEE7C10C}.Release|x86.ActiveCfg = Release|Win32
		{C8AC2B05-88B0-4AC6-A3EE-126CDEE7C10C}.Release|x86.Build.0 = Release|Win32
		{C8AC2B05-88B0-4AC6-A3EE-126CDEE7C10C}.RelWithDebInfo|x64.ActiveCfg = Release|x64
		{C8AC2B05-88B0-4AC6-A3EE-126CDEE7C10C}.RelWithDebInfo|x64.Build.0 = Release|x64
		{C8AC2B05-88B0-4AC6-A3EE-126CDEE7C10C}.RelWithDebInfo|x86.ActiveCfg = Release|Win32
		{C8AC2B05-88B0-4AC6-A3EE-126CDEE7C10C}.RelWithDebInfo|x86.Build.0 = Release|Win32
		{82405685-1F56-4345-AAA7-BDE2127682FD}.Debug|x64.ActiveCfg = Debug|x64
		{82405685-1F56-4345-AAA7-BDE2127682FD}.Debug|x64.Build.0 = Debug|x64
		{82405685-1F56-4345-AAA7-BDE2127682FD}.Debug|x86.ActiveCfg = Debug|Win32
		{82405685-1F56-4345-AAA7-BDE2127682FD}.Debug|x86.Build.0 = Debug|Win32
		{82405685-1F56-4345-AAA7-BDE2127682FD}.MinSizeRel|x64.ActiveCfg = Release|x64
		{82405685-1F56-4345-AAA7-BDE2127682FD}.MinSizeRel|x64.Build.0 = Release|x64
		{82405685-1F56-4345-AAA7-BDE2127682FD}.MinSizeRel|x86.ActiveCfg = Release|Win32
		{82405685-1F56-4345-AAA7-BDE2127682FD}.MinSizeRel|x86.Build.0 = Release|Win32
		{82405685-1F56-4345-AAA7-BDE2127682FD}.Release|x64.ActiveCfg = Release|x64
		{82405685-1F56-4345-AAA7-BDE2127682FD}.Release|x64.Build.0 = Release|x64
		{82405685-1F56-4345-AAA7-BDE2127682FD}.Release|x86.ActiveCfg = Release|Win32
		{82405685-1F56-4345-AAA7-BDE2127682FD}.Release|x86.Build.0 = Release|Win32
		{82405685-1F56-4345-AAA7-BDE2127682FD}.RelWithDebInfo|x64.ActiveCfg = Release|x64
		{82405685-1F56-4345-AAA7-BDE2127682FD}.RelWithDebInfo|x64.Build.0 = Release|x64
		{82405685-1F56-4345-AAA7-BDE2127682FD}.RelWithDebInfo|x86.ActiveCfg = Release|Win32
		{82405685-1F56-4345-AAA7-BDE2127682FD}.RelWithDebInfo|x86.Build.0 = Release|Win32
		{CFBD29BA-0078-4366-BA99-73C68832B766}.Debug|x64.ActiveCfg = Debug|x64
		{CFBD29BA-0078-4366-BA99-73C68832B766}.Debug|x64.Build.0 = Debug|x64
		{CFBD29BA-0078-4366-BA99-73C68832B766}.Debug|x86.ActiveCfg = Debug|Win32
		{CFBD29BA-0078-4366-BA99-73C68832B766}.Debug|x86.Build.0 = Debug|Win32
		{CFBD29BA-0078-4366-BA99-73C68832B766}.MinSizeRel|x64.ActiveCfg = Release|x64
		{CFBD29BA-0078-4366-BA99-73C68832B766}.MinSizeRel|x64.Build.0 = Release|x64
		{CFBD29BA-0078-4366-BA99-73C68832B766}.MinSizeRel|x86.ActiveCfg = Release|Win32
		{CFBD29BA-0078-4366-BA99-73C68832B766}.MinSizeRel|x86.Build.0 = Release|Win32
		{CFBD29BA-0078-4366-BA99-73C68832B766}.Release|x64.ActiveCfg = Release|x64
		{CFBD29BA-0078-4366-BA99-73C68832B766}.Release|x64.Build.0 = Release|x64
		{CFBD29BA-0078-4366-BA99-73C68832B766}.Release|x86.ActiveCfg = Release|Win32
		{CFBD29BA-0078-4366-BA99-73C68832B766}.Release|x86.Build.0 = Release|Win32
		{CFBD29BA-0078-4366-BA99-73C68832B766}.RelWithDebInfo|x64.ActiveCfg = Release|x64
		{CFBD29BA-0078-4366-BA99-73C68832B766}.RelWithDebInfo|x64.Build.0 = Release|x64
		{CFBD29BA-0078-4366-BA99-73C68832B766}.RelWithDebInfo|x86.ActiveCfg = Release|Win32
		{CFBD29BA-0078-4366-BA99-73C68832B766}.RelWithDebInfo|x86.Build.0 = Release|Win32
		{21E17C6F-C851-408A-84AC-3DBB934D8D56}.Debug|x64.ActiveCfg = Debug|x64
		{21E17C6F-C851-408A-84AC-3DBB934D8D56}.Debug|x64.Build.0 = Debug|x64
		{21E17C6F-C851-408A-84AC-3DBB934D8D56}.Debug|x86.ActiveCfg = Debug|x64
		{21E17C6F-C851-408A-84AC-3DBB934D8D56}.MinSizeRel|x64.ActiveCfg = Debug|x64
		{21E17C6F-C851-408A-84AC-3DBB934D8D56}.MinSizeRel|x64.Build.0 = Debug|x64
		{21E17C6F-C851-408A-84AC-3DBB934D8D56}.MinSizeRel|x86.ActiveCfg = Debug|x64
		{21E17C6F-C851-408A-84AC-3DBB934D8D56}.MinSizeRel|x86.Build.0 = Debug|x64
		{21E17C6F-C851-408A-84AC-3DBB934D8D56}.Release|x64.ActiveCfg = Release|x64
		{21E17C6F-C851-408A-84AC-3DBB934D8D56}.Release|x64.Build.0 = Release|x64
		{21E17C6F-C851-408A-84AC-3DBB934D8D56}.Release|x86.ActiveCfg = Release|x64
		{21E17C6F-C851-408A-84AC-3DBB934D8D56}.RelWithDebInfo|x64.ActiveCfg = Release|x64
		{21E17C6F-C851-408A-84AC-3DBB934D8D56}.RelWithDebInfo|x64.Build.0 = Release|x64
		{21E17C6F-C851-408A-84AC-3DBB934D8D56}.RelWithDebInfo|x86.ActiveCfg = Debug|x64
		{21E17C6F-C851-408A-84AC-3DBB934D8D56}.RelWithDebInfo|x86.Build.0 = Debug|x64
	EndGlobalSection
	GlobalSection(SolutionProperties) = preSolution
		HideSolutionNode = FALSE
	EndGlobalSection
	GlobalSection(ExtensibilityGlobals) = postSolution
		SolutionGuid = {A3827480-0FDE-4201-AD98-CD28245FC806}
	EndGlobalSection
EndGlobal
