<?xml version="1.0" encoding="utf-8"?>
<Project ToolsVersion="4.0" xmlns="http://schemas.microsoft.com/developer/msbuild/2003">
  <ItemGroup>
    <ClInclude Include="IO.h" />
    <ClInclude Include="RenderLibs.h" />
    <ClInclude Include="Platform.h" />
    <ClInclude Include="App.h" />
    <ClInclude Include="Dear ImGui\imgui_internal.h">
      <Filter>Dear ImGui</Filter>
    </ClInclude>
    <ClInclude Include="Dear ImGui\imgui_stdlib.h">
      <Filter>Dear ImGui</Filter>
    </ClInclude>
    <ClInclude Include="Dear ImGui\imstb_rectpack.h">
      <Filter>Dear ImGui</Filter>
    </ClInclude>
    <ClInclude Include="Dear ImGui\imstb_textedit.h">
      <Filter>Dear ImGui</Filter>
    </ClInclude>
    <ClInclude Include="Dear ImGui\imstb_truetype.h">
      <Filter>Dear ImGui</Filter>
    </ClInclude>
    <ClInclude Include="Dear ImGui\imconfig.h">
      <Filter>Dear ImGui</Filter>
    </ClInclude>
    <ClInclude Include="Dear ImGui\imgui.h">
      <Filter>Dear ImGui</Filter>
    </ClInclude>
    <ClInclude Include="NativeFileDialog\nfd_common.h">
      <Filter>Native File Dialog</Filter>
    </ClInclude>
    <ClInclude Include="NativeFileDialog\common.h">
      <Filter>Native File Dialog</Filter>
    </ClInclude>
    <ClInclude Include="NativeFileDialog\nfd.h">
      <Filter>Native File Dialog</Filter>
    </ClInclude>
    <ClInclude Include="Renderer\Context.h">
      <Filter>Renderer</Filter>
    </ClInclude>
    <ClInclude Include="Dear ImGui\ImGuiInterfaces.h">
      <Filter>Dear ImGui</Filter>
    </ClInclude>
    <ClInclude Include="TomlIO.h" />
    <ClInclude Include="Renderer\Data.h">
      <Filter>Renderer</Filter>
    </ClInclude>
    <ClInclude Include="Dear ImGui\ImGuiAddons.h">
      <Filter>Dear ImGui</Filter>
    </ClInclude>
    <ClInclude Include="Utils.h" />
    <ClInclude Include="Renderer\Materials\CompiledShader.h">
      <Filter>Renderer\Materials</Filter>
    </ClInclude>
    <ClInclude Include="Renderer\Device.h">
      <Filter>Renderer</Filter>
    </ClInclude>
    <ClInclude Include="Renderer\Materials\Material_Basic.h">
      <Filter>Renderer\Materials</Filter>
    </ClInclude>
    <ClInclude Include="Renderer\Materials\MaterialData.h">
      <Filter>Renderer\Materials</Filter>
    </ClInclude>
    <ClInclude Include="Renderer\Buffer.h">
      <Filter>Renderer</Filter>
    </ClInclude>
    <ClInclude Include="Renderer\Texture.h">
      <Filter>Renderer</Filter>
    </ClInclude>
  </ItemGroup>
  <ItemGroup>
    <ClCompile Include="IO.cpp" />
    <ClCompile Include="App.cpp" />
    <ClCompile Include="Dear ImGui\imgui_draw.cpp">
      <Filter>Dear ImGui</Filter>
    </ClCompile>
    <ClCompile Include="Dear ImGui\imgui_stdlib.cpp">
      <Filter>Dear ImGui</Filter>
    </ClCompile>
    <ClCompile Include="Dear ImGui\imgui_widgets.cpp">
      <Filter>Dear ImGui</Filter>
    </ClCompile>
    <ClCompile Include="Dear ImGui\imgui.cpp">
      <Filter>Dear ImGui</Filter>
    </ClCompile>
    <ClCompile Include="NativeFileDialog\nfd_common.c">
      <Filter>Native File Dialog</Filter>
    </ClCompile>
    <ClCompile Include="NativeFileDialog\nfd_win.cpp">
      <Filter>Native File Dialog</Filter>
    </ClCompile>
    <ClCompile Include="Renderer\Context.cpp">
      <Filter>Renderer</Filter>
    </ClCompile>
    <ClCompile Include="Dear ImGui\ImGuiInterfaces.cpp">
      <Filter>Dear ImGui</Filter>
    </ClCompile>
    <ClCompile Include="Renderer\Data.cpp">
      <Filter>Renderer</Filter>
    </ClCompile>
    <ClCompile Include="TomlIO.cpp" />
    <ClCompile Include="Utils.cpp" />
    <ClCompile Include="Renderer\Materials\CompiledShader.cpp">
      <Filter>Renderer\Materials</Filter>
    </ClCompile>
    <ClCompile Include="Renderer\Device.cpp">
      <Filter>Renderer</Filter>
    </ClCompile>
    <ClCompile Include="Renderer\Materials\Material_Basic.cpp">
      <Filter>Renderer\Materials</Filter>
    </ClCompile>
    <ClCompile Include="Renderer\Materials\MaterialData.cpp">
      <Filter>Renderer\Materials</Filter>
    </ClCompile>
    <ClCompile Include="Renderer\Buffer.cpp">
      <Filter>Renderer</Filter>
    </ClCompile>
  </ItemGroup>
  <ItemGroup>
    <Filter Include="Native File Dialog">
      <UniqueIdentifier>{4ce03b81-0ba1-4555-b8a1-43f82b2ecc40}</UniqueIdentifier>
    </Filter>
    <Filter Include="Dear ImGui">
      <UniqueIdentifier>{607face5-05a3-473f-b301-e4e6b0c85089}</UniqueIdentifier>
    </Filter>
    <Filter Include="Renderer">
      <UniqueIdentifier>{40c8695a-51c8-4ce1-a153-54ac8002ad24}</UniqueIdentifier>
    </Filter>
    <Filter Include="Renderer\Materials">
      <UniqueIdentifier>{1383e33b-f4af-4e68-ba5f-841a1bd915b8}</UniqueIdentifier>
    </Filter>
  </ItemGroup>
</Project>