<?xml version="1.0" encoding="utf-8"?>
<Project ToolsVersion="4.0" xmlns="http://schemas.microsoft.com/developer/msbuild/2003">
  <ItemGroup>
    <ClInclude Include="IO.h" />
    <ClInclude Include="Dependencies.h" />
    <ClInclude Include="Platform.h" />
    <ClInclude Include="App.h" />
    <ClInclude Include="Dear ImGui\imgui_internal.h">
      <Filter>Dear ImGui</Filter>
    </ClInclude>
    <ClInclude Include="Dear ImGui\imgui_stdlib.h">
      <Filter>Dear ImGui</Filter>
    </ClInclude>
    <ClInclude Include="Dear ImGui\imstb_rectpack.h">
      <Filter>Dear ImGui</Filter>
    </ClInclude>
    <ClInclude Include="Dear ImGui\imstb_textedit.h">
      <Filter>Dear ImGui</Filter>
    </ClInclude>
    <ClInclude Include="Dear ImGui\imstb_truetype.h">
      <Filter>Dear ImGui</Filter>
    </ClInclude>
    <ClInclude Include="Dear ImGui\imconfig.h">
      <Filter>Dear ImGui</Filter>
    </ClInclude>
    <ClInclude Include="Dear ImGui\imgui.h">
      <Filter>Dear ImGui</Filter>
    </ClInclude>
    <ClInclude Include="NativeFileDialog\nfd_common.h">
      <Filter>Native File Dialog</Filter>
    </ClInclude>
    <ClInclude Include="NativeFileDialog\common.h">
      <Filter>Native File Dialog</Filter>
    </ClInclude>
    <ClInclude Include="NativeFileDialog\nfd.h">
      <Filter>Native File Dialog</Filter>
    </ClInclude>
    <ClInclude Include="Dear ImGui\ImGuiInterfaces.h">
      <Filter>Dear ImGui</Filter>
    </ClInclude>
    <ClInclude Include="TomlIO.h" />
    <ClInclude Include="Dear ImGui\ImGuiAddons.h">
      <Filter>Dear ImGui</Filter>
    </ClInclude>
    <ClInclude Include="Utils.h" />
    <ClInclude Include="Math\Box.hpp">
      <Filter>Math</Filter>
    </ClInclude>
    <ClInclude Include="Math\Ray.hpp">
      <Filter>Math</Filter>
    </ClInclude>
    <ClInclude Include="Math\Sphere.hpp">
      <Filter>Math</Filter>
    </ClInclude>
    <ClInclude Include="Math\Shapes.hpp">
      <Filter>Math</Filter>
    </ClInclude>
    <ClInclude Include="Utils\Functions.h">
      <Filter>Utils</Filter>
    </ClInclude>
    <ClInclude Include="Utils\StrongTypedef.h">
      <Filter>Utils</Filter>
    </ClInclude>
    <ClInclude Include="Utils\Lazy.h">
      <Filter>Utils</Filter>
    </ClInclude>
    <ClInclude Include="Utils\Bool.h">
      <Filter>Utils</Filter>
    </ClInclude>
    <ClInclude Include="Utils\BPAssert.h">
      <Filter>Utils</Filter>
    </ClInclude>
    <ClInclude Include="Utils\Hashing.h">
      <Filter>Utils</Filter>
    </ClInclude>
    <ClInclude Include="Utils\Strings.h">
      <Filter>Utils</Filter>
    </ClInclude>
    <ClInclude Include="Dear ImGui\ImGuiImplementations.h">
      <Filter>Dear ImGui</Filter>
    </ClInclude>
    <ClInclude Include="Helpers\EditorCamControls.h">
      <Filter>Helpers</Filter>
    </ClInclude>
    <ClInclude Include="GL\Data.h">
      <Filter>GL</Filter>
    </ClInclude>
    <ClInclude Include="GL\Device.h">
      <Filter>GL</Filter>
    </ClInclude>
    <ClInclude Include="GL\Context.h">
      <Filter>GL</Filter>
    </ClInclude>
    <ClInclude Include="GL\Buffers\MeshData.h">
      <Filter>GL\Buffers</Filter>
    </ClInclude>
    <ClInclude Include="GL\Buffers\MeshVertexData.h">
      <Filter>GL\Buffers</Filter>
    </ClInclude>
    <ClInclude Include="GL\Buffers\Buffer.h">
      <Filter>GL\Buffers</Filter>
    </ClInclude>
    <ClInclude Include="GL\Buffers\Map.h">
      <Filter>GL\Buffers</Filter>
    </ClInclude>
    <ClInclude Include="GL\Materials\ShaderCompileJob.h">
      <Filter>GL\Materials</Filter>
    </ClInclude>
    <ClInclude Include="GL\Materials\CompiledShader.h">
      <Filter>GL\Materials</Filter>
    </ClInclude>
    <ClInclude Include="GL\Textures\Texture.h">
      <Filter>GL\Textures</Filter>
    </ClInclude>
    <ClInclude Include="GL\Textures\TextureCube.h">
      <Filter>GL\Textures</Filter>
    </ClInclude>
    <ClInclude Include="GL\Textures\TextureD.hpp">
      <Filter>GL\Textures</Filter>
    </ClInclude>
    <ClInclude Include="GL\Textures\TexturesData.h">
      <Filter>GL\Textures</Filter>
    </ClInclude>
    <ClInclude Include="GL\Textures\Format.h">
      <Filter>GL\Textures</Filter>
    </ClInclude>
    <ClInclude Include="GL\Textures\Sampler.h">
      <Filter>GL\Textures</Filter>
    </ClInclude>
    <ClInclude Include="GL\Textures\Target.h">
      <Filter>GL\Textures</Filter>
    </ClInclude>
    <ClInclude Include="GL\Textures\TargetBuffer.h">
      <Filter>GL\Textures</Filter>
    </ClInclude>
    <ClInclude Include="ST\NodeTransform.h">
      <Filter>ST</Filter>
    </ClInclude>
    <ClInclude Include="ST\Scene.h">
      <Filter>ST</Filter>
    </ClInclude>
    <ClInclude Include="Math\Math.hpp">
      <Filter>Math</Filter>
    </ClInclude>
    <ClInclude Include="Assets\Loader.h">
      <Filter>Assets</Filter>
    </ClInclude>
    <ClInclude Include="Assets\CommonLoaderTypes.h">
      <Filter>Assets</Filter>
    </ClInclude>
    <ClInclude Include="Utils\Streams.hpp">
      <Filter>Utils</Filter>
    </ClInclude>
    <ClInclude Include="Math\PRNG.hpp">
      <Filter>Math</Filter>
    </ClInclude>
    <ClInclude Include="GL\Materials\Factory.h">
      <Filter>GL\Materials</Filter>
    </ClInclude>
    <ClInclude Include="GL\Materials\Material.h">
      <Filter>GL\Materials</Filter>
    </ClInclude>
    <ClInclude Include="GL\Materials\UniformStorage.h">
      <Filter>GL\Materials</Filter>
    </ClInclude>
  </ItemGroup>
  <ItemGroup>
    <ClCompile Include="IO.cpp" />
    <ClCompile Include="App.cpp" />
    <ClCompile Include="Dear ImGui\imgui_draw.cpp">
      <Filter>Dear ImGui</Filter>
    </ClCompile>
    <ClCompile Include="Dear ImGui\imgui_stdlib.cpp">
      <Filter>Dear ImGui</Filter>
    </ClCompile>
    <ClCompile Include="Dear ImGui\imgui_widgets.cpp">
      <Filter>Dear ImGui</Filter>
    </ClCompile>
    <ClCompile Include="Dear ImGui\imgui.cpp">
      <Filter>Dear ImGui</Filter>
    </ClCompile>
    <ClCompile Include="NativeFileDialog\nfd_common.c">
      <Filter>Native File Dialog</Filter>
    </ClCompile>
    <ClCompile Include="NativeFileDialog\nfd_win.cpp">
      <Filter>Native File Dialog</Filter>
    </ClCompile>
    <ClCompile Include="Dear ImGui\ImGuiInterfaces.cpp">
      <Filter>Dear ImGui</Filter>
    </ClCompile>
    <ClCompile Include="TomlIO.cpp" />
    <ClCompile Include="Utils\BPAssert.cpp">
      <Filter>Utils</Filter>
    </ClCompile>
    <ClCompile Include="Utils\Strings.cpp">
      <Filter>Utils</Filter>
    </ClCompile>
    <ClCompile Include="Dear ImGui\ImGuiImplementations.cpp">
      <Filter>Dear ImGui</Filter>
    </ClCompile>
    <ClCompile Include="Helpers\EditorCamControls.cpp">
      <Filter>Helpers</Filter>
    </ClCompile>
    <ClCompile Include="GL\Data.cpp">
      <Filter>GL</Filter>
    </ClCompile>
    <ClCompile Include="GL\Device.cpp">
      <Filter>GL</Filter>
    </ClCompile>
    <ClCompile Include="GL\Context.cpp">
      <Filter>GL</Filter>
    </ClCompile>
    <ClCompile Include="GL\Buffers\MeshVertexData.cpp">
      <Filter>GL\Buffers</Filter>
    </ClCompile>
    <ClCompile Include="GL\Buffers\Buffer.cpp">
      <Filter>GL\Buffers</Filter>
    </ClCompile>
    <ClCompile Include="GL\Buffers\MeshData.cpp">
      <Filter>GL\Buffers</Filter>
    </ClCompile>
    <ClCompile Include="GL\Materials\ShaderCompileJob.cpp">
      <Filter>GL\Materials</Filter>
    </ClCompile>
    <ClCompile Include="GL\Materials\CompiledShader.cpp">
      <Filter>GL\Materials</Filter>
    </ClCompile>
    <ClCompile Include="GL\Textures\TextureCube.cpp">
      <Filter>GL\Textures</Filter>
    </ClCompile>
    <ClCompile Include="GL\Textures\TexturesData.cpp">
      <Filter>GL\Textures</Filter>
    </ClCompile>
    <ClCompile Include="GL\Textures\Format.cpp">
      <Filter>GL\Textures</Filter>
    </ClCompile>
    <ClCompile Include="GL\Textures\Target.cpp">
      <Filter>GL\Textures</Filter>
    </ClCompile>
    <ClCompile Include="GL\Textures\TargetBuffer.cpp">
      <Filter>GL\Textures</Filter>
    </ClCompile>
    <ClCompile Include="GL\Textures\Texture.cpp">
      <Filter>GL\Textures</Filter>
    </ClCompile>
    <ClCompile Include="ST\NodeTransform.cpp">
      <Filter>ST</Filter>
    </ClCompile>
    <ClCompile Include="ST\Scene.cpp">
      <Filter>ST</Filter>
    </ClCompile>
    <ClCompile Include="Assets\CommonLoaderTypes.cpp">
      <Filter>Assets</Filter>
    </ClCompile>
    <ClCompile Include="GL\Materials\Material.cpp">
      <Filter>GL\Materials</Filter>
    </ClCompile>
    <ClCompile Include="GL\Materials\UniformStorage.cpp">
      <Filter>GL\Materials</Filter>
    </ClCompile>
  </ItemGroup>
  <ItemGroup>
    <Filter Include="Native File Dialog">
      <UniqueIdentifier>{4ce03b81-0ba1-4555-b8a1-43f82b2ecc40}</UniqueIdentifier>
    </Filter>
    <Filter Include="Dear ImGui">
      <UniqueIdentifier>{607face5-05a3-473f-b301-e4e6b0c85089}</UniqueIdentifier>
    </Filter>
    <Filter Include="Utils">
      <UniqueIdentifier>{d2c9364c-6669-43fd-9f8f-eb57f6b6c469}</UniqueIdentifier>
    </Filter>
    <Filter Include="Math">
      <UniqueIdentifier>{6f80ac6e-5965-493c-b49c-1bcb7cc51280}</UniqueIdentifier>
    </Filter>
    <Filter Include="Helpers">
      <UniqueIdentifier>{92f39609-036b-40a6-aa48-a968d7477955}</UniqueIdentifier>
    </Filter>
    <Filter Include="GL">
      <UniqueIdentifier>{40c8695a-51c8-4ce1-a153-54ac8002ad24}</UniqueIdentifier>
    </Filter>
    <Filter Include="GL\Textures">
      <UniqueIdentifier>{01b36350-c27e-42ac-bc78-6c40259a208c}</UniqueIdentifier>
    </Filter>
    <Filter Include="GL\Buffers">
      <UniqueIdentifier>{03ee6afa-e9bc-44b3-9227-cfa1be60ae05}</UniqueIdentifier>
    </Filter>
    <Filter Include="GL\Materials">
      <UniqueIdentifier>{1383e33b-f4af-4e68-ba5f-841a1bd915b8}</UniqueIdentifier>
    </Filter>
    <Filter Include="ST">
      <UniqueIdentifier>{251c1afe-5580-482e-83b7-a6bf08415e0c}</UniqueIdentifier>
    </Filter>
    <Filter Include="Assets">
      <UniqueIdentifier>{975aaad5-4119-4769-b29a-6484a746da6c}</UniqueIdentifier>
    </Filter>
    <Filter Include="msvc-files">
      <UniqueIdentifier>{34823ca9-761e-42b3-80d1-2389b74e2796}</UniqueIdentifier>
    </Filter>
    <Filter Include="Images">
      <UniqueIdentifier>{70285e5d-caf3-41ef-9d49-8dd96b708f03}</UniqueIdentifier>
    </Filter>
  </ItemGroup>
  <ItemGroup>
    <None Include="cpp.hint">
      <Filter>msvc-files</Filter>
    </None>
  </ItemGroup>
  <ItemGroup>
    <Natvis Include="visual-studio-natvis\BPlus.natvis">
      <Filter>msvc-files</Filter>
    </Natvis>
  </ItemGroup>
</Project>