<?xml version="1.0" encoding="utf-8"?>
<Project ToolsVersion="4.0" xmlns="http://schemas.microsoft.com/developer/msbuild/2003">
  <ItemGroup>
    <ClCompile Include="$(ProjectDir)..\GeometryGenerator\src\AnyMesh.cpp">
      <Filter>Source</Filter>
    </ClCompile>
    <ClCompile Include="$(ProjectDir)..\GeometryGenerator\src\AnyPath.cpp">
      <Filter>Source</Filter>
    </ClCompile>
    <ClCompile Include="$(ProjectDir)..\GeometryGenerator\src\AnyShape.cpp">
      <Filter>Source</Filter>
    </ClCompile>
    <ClCompile Include="$(ProjectDir)..\GeometryGenerator\src\BoxMesh.cpp">
      <Filter>Source</Filter>
    </ClCompile>
    <ClCompile Include="$(ProjectDir)..\GeometryGenerator\src\CappedConeMesh.cpp">
      <Filter>Source</Filter>
    </ClCompile>
    <ClCompile Include="$(ProjectDir)..\GeometryGenerator\src\CappedCylinderMesh.cpp">
      <Filter>Source</Filter>
    </ClCompile>
    <ClCompile Include="$(ProjectDir)..\GeometryGenerator\src\CappedTubeMesh.cpp">
      <Filter>Source</Filter>
    </ClCompile>
    <ClCompile Include="$(ProjectDir)..\GeometryGenerator\src\CapsuleMesh.cpp">
      <Filter>Source</Filter>
    </ClCompile>
    <ClCompile Include="$(ProjectDir)..\GeometryGenerator\src\CircleShape.cpp">
      <Filter>Source</Filter>
    </ClCompile>
    <ClCompile Include="$(ProjectDir)..\GeometryGenerator\src\ConeMesh.cpp">
      <Filter>Source</Filter>
    </ClCompile>
    <ClCompile Include="$(ProjectDir)..\GeometryGenerator\src\ConvexPolygonMesh.cpp">
      <Filter>Source</Filter>
    </ClCompile>
    <ClCompile Include="$(ProjectDir)..\GeometryGenerator\src\CylinderMesh.cpp">
      <Filter>Source</Filter>
    </ClCompile>
    <ClCompile Include="$(ProjectDir)..\GeometryGenerator\src\DiskMesh.cpp">
      <Filter>Source</Filter>
    </ClCompile>
    <ClCompile Include="$(ProjectDir)..\GeometryGenerator\src\DodecahedronMesh.cpp">
      <Filter>Source</Filter>
    </ClCompile>
    <ClCompile Include="$(ProjectDir)..\GeometryGenerator\src\EmptyMesh.cpp">
      <Filter>Source</Filter>
    </ClCompile>
    <ClCompile Include="$(ProjectDir)..\GeometryGenerator\src\EmptyPath.cpp">
      <Filter>Source</Filter>
    </ClCompile>
    <ClCompile Include="$(ProjectDir)..\GeometryGenerator\src\EmptyShape.cpp">
      <Filter>Source</Filter>
    </ClCompile>
    <ClCompile Include="$(ProjectDir)..\GeometryGenerator\src\GridShape.cpp">
      <Filter>Source</Filter>
    </ClCompile>
    <ClCompile Include="$(ProjectDir)..\GeometryGenerator\src\HelixPath.cpp">
      <Filter>Source</Filter>
    </ClCompile>
    <ClCompile Include="$(ProjectDir)..\GeometryGenerator\src\IcosahedronMesh.cpp">
      <Filter>Source</Filter>
    </ClCompile>
    <ClCompile Include="$(ProjectDir)..\GeometryGenerator\src\IcoSphereMesh.cpp">
      <Filter>Source</Filter>
    </ClCompile>
    <ClCompile Include="$(ProjectDir)..\GeometryGenerator\src\KnotPath.cpp">
      <Filter>Source</Filter>
    </ClCompile>
    <ClCompile Include="$(ProjectDir)..\GeometryGenerator\src\LinePath.cpp">
      <Filter>Source</Filter>
    </ClCompile>
    <ClCompile Include="$(ProjectDir)..\GeometryGenerator\src\LineShape.cpp">
      <Filter>Source</Filter>
    </ClCompile>
    <ClCompile Include="$(ProjectDir)..\GeometryGenerator\src\ObjWriter.cpp">
      <Filter>Source</Filter>
    </ClCompile>
    <ClCompile Include="$(ProjectDir)..\GeometryGenerator\src\ParametricMesh.cpp">
      <Filter>Source</Filter>
    </ClCompile>
    <ClCompile Include="$(ProjectDir)..\GeometryGenerator\src\ParametricPath.cpp">
      <Filter>Source</Filter>
    </ClCompile>
    <ClCompile Include="$(ProjectDir)..\GeometryGenerator\src\ParametricShape.cpp">
      <Filter>Source</Filter>
    </ClCompile>
    <ClCompile Include="$(ProjectDir)..\GeometryGenerator\src\PlaneMesh.cpp">
      <Filter>Source</Filter>
    </ClCompile>
    <ClCompile Include="$(ProjectDir)..\GeometryGenerator\src\RectangleShape.cpp">
      <Filter>Source</Filter>
    </ClCompile>
    <ClCompile Include="$(ProjectDir)..\GeometryGenerator\src\RoundedBoxMesh.cpp">
      <Filter>Source</Filter>
    </ClCompile>
    <ClCompile Include="$(ProjectDir)..\GeometryGenerator\src\RoundedRectangleShape.cpp">
      <Filter>Source</Filter>
    </ClCompile>
    <ClCompile Include="$(ProjectDir)..\GeometryGenerator\src\SphereMesh.cpp">
      <Filter>Source</Filter>
    </ClCompile>
    <ClCompile Include="$(ProjectDir)..\GeometryGenerator\src\SphericalConeMesh.cpp">
      <Filter>Source</Filter>
    </ClCompile>
    <ClCompile Include="$(ProjectDir)..\GeometryGenerator\src\SphericalTriangleMesh.cpp">
      <Filter>Source</Filter>
    </ClCompile>
    <ClCompile Include="$(ProjectDir)..\GeometryGenerator\src\SpringMesh.cpp">
      <Filter>Source</Filter>
    </ClCompile>
    <ClCompile Include="$(ProjectDir)..\GeometryGenerator\src\SvgWriter.cpp">
      <Filter>Source</Filter>
    </ClCompile>
    <ClCompile Include="$(ProjectDir)..\GeometryGenerator\src\TeapotMesh.cpp">
      <Filter>Source</Filter>
    </ClCompile>
    <ClCompile Include="$(ProjectDir)..\GeometryGenerator\src\TorusKnotMesh.cpp">
      <Filter>Source</Filter>
    </ClCompile>
    <ClCompile Include="$(ProjectDir)..\GeometryGenerator\src\TorusMesh.cpp">
      <Filter>Source</Filter>
    </ClCompile>
    <ClCompile Include="$(ProjectDir)..\GeometryGenerator\src\TriangleMesh.cpp">
      <Filter>Source</Filter>
    </ClCompile>
    <ClCompile Include="$(ProjectDir)..\GeometryGenerator\src\TubeMesh.cpp">
      <Filter>Source</Filter>
    </ClCompile>
  </ItemGroup>
  <ItemGroup>
    <ClInclude Include="$(ProjectDir)..\GeometryGenerator\include\generator\AnyGenerator.hpp">
      <Filter>Headers</Filter>
    </ClInclude>
    <ClInclude Include="$(ProjectDir)..\GeometryGenerator\include\generator\AnyMesh.hpp">
      <Filter>Headers</Filter>
    </ClInclude>
    <ClInclude Include="$(ProjectDir)..\GeometryGenerator\include\generator\AnyPath.hpp">
      <Filter>Headers</Filter>
    </ClInclude>
    <ClInclude Include="$(ProjectDir)..\GeometryGenerator\include\generator\AnyShape.hpp">
      <Filter>Headers</Filter>
    </ClInclude>
    <ClInclude Include="$(ProjectDir)..\GeometryGenerator\include\generator\Axis.hpp">
      <Filter>Headers</Filter>
    </ClInclude>
    <ClInclude Include="$(ProjectDir)..\GeometryGenerator\include\generator\AxisFlipMesh.hpp">
      <Filter>Headers</Filter>
    </ClInclude>
    <ClInclude Include="$(ProjectDir)..\GeometryGenerator\include\generator\AxisSwapMesh.hpp">
      <Filter>Headers</Filter>
    </ClInclude>
    <ClInclude Include="$(ProjectDir)..\GeometryGenerator\include\generator\AxisSwapPath.hpp">
      <Filter>Headers</Filter>
    </ClInclude>
    <ClInclude Include="$(ProjectDir)..\GeometryGenerator\include\generator\AxisSwapShape.hpp">
      <Filter>Headers</Filter>
    </ClInclude>
    <ClInclude Include="$(ProjectDir)..\GeometryGenerator\include\generator\BezierMesh.hpp">
      <Filter>Headers</Filter>
    </ClInclude>
    <ClInclude Include="$(ProjectDir)..\GeometryGenerator\include\generator\BezierShape.hpp">
      <Filter>Headers</Filter>
    </ClInclude>
    <ClInclude Include="$(ProjectDir)..\GeometryGenerator\include\generator\BoxMesh.hpp">
      <Filter>Headers</Filter>
    </ClInclude>
    <ClInclude Include="$(ProjectDir)..\GeometryGenerator\include\generator\CappedConeMesh.hpp">
      <Filter>Headers</Filter>
    </ClInclude>
    <ClInclude Include="$(ProjectDir)..\GeometryGenerator\include\generator\CappedCylinderMesh.hpp">
      <Filter>Headers</Filter>
    </ClInclude>
    <ClInclude Include="$(ProjectDir)..\GeometryGenerator\include\generator\CappedTubeMesh.hpp">
      <Filter>Headers</Filter>
    </ClInclude>
    <ClInclude Include="$(ProjectDir)..\GeometryGenerator\include\generator\CapsuleMesh.hpp">
      <Filter>Headers</Filter>
    </ClInclude>
    <ClInclude Include="$(ProjectDir)..\GeometryGenerator\include\generator\CircleShape.hpp">
      <Filter>Headers</Filter>
    </ClInclude>
    <ClInclude Include="$(ProjectDir)..\GeometryGenerator\include\generator\ConeMesh.hpp">
      <Filter>Headers</Filter>
    </ClInclude>
    <ClInclude Include="$(ProjectDir)..\GeometryGenerator\include\generator\ConvexPolygonMesh.hpp">
      <Filter>Headers</Filter>
    </ClInclude>
    <ClInclude Include="$(ProjectDir)..\GeometryGenerator\include\generator\CylinderMesh.hpp">
      <Filter>Headers</Filter>
    </ClInclude>
    <ClInclude Include="$(ProjectDir)..\GeometryGenerator\include\generator\DiskMesh.hpp">
      <Filter>Headers</Filter>
    </ClInclude>
    <ClInclude Include="$(ProjectDir)..\GeometryGenerator\include\generator\DodecahedronMesh.hpp">
      <Filter>Headers</Filter>
    </ClInclude>
    <ClInclude Include="$(ProjectDir)..\GeometryGenerator\include\generator\Edge.hpp">
      <Filter>Headers</Filter>
    </ClInclude>
    <ClInclude Include="$(ProjectDir)..\GeometryGenerator\include\generator\EmptyMesh.hpp">
      <Filter>Headers</Filter>
    </ClInclude>
    <ClInclude Include="$(ProjectDir)..\GeometryGenerator\include\generator\EmptyPath.hpp">
      <Filter>Headers</Filter>
    </ClInclude>
    <ClInclude Include="$(ProjectDir)..\GeometryGenerator\include\generator\EmptyShape.hpp">
      <Filter>Headers</Filter>
    </ClInclude>
    <ClInclude Include="$(ProjectDir)..\GeometryGenerator\include\generator\ExtrudeMesh.hpp">
      <Filter>Headers</Filter>
    </ClInclude>
    <ClInclude Include="$(ProjectDir)..\GeometryGenerator\include\generator\FlipMesh.hpp">
      <Filter>Headers</Filter>
    </ClInclude>
    <ClInclude Include="$(ProjectDir)..\GeometryGenerator\include\generator\FlipPath.hpp">
      <Filter>Headers</Filter>
    </ClInclude>
    <ClInclude Include="$(ProjectDir)..\GeometryGenerator\include\generator\FlipShape.hpp">
      <Filter>Headers</Filter>
    </ClInclude>
    <ClInclude Include="$(ProjectDir)..\GeometryGenerator\include\generator\generator.hpp">
      <Filter>Headers</Filter>
    </ClInclude>
    <ClInclude Include="$(ProjectDir)..\GeometryGenerator\include\generator\GridShape.hpp">
      <Filter>Headers</Filter>
    </ClInclude>
    <ClInclude Include="$(ProjectDir)..\GeometryGenerator\include\generator\HelixPath.hpp">
      <Filter>Headers</Filter>
    </ClInclude>
    <ClInclude Include="$(ProjectDir)..\GeometryGenerator\include\generator\IcosahedronMesh.hpp">
      <Filter>Headers</Filter>
    </ClInclude>
    <ClInclude Include="$(ProjectDir)..\GeometryGenerator\include\generator\IcoSphereMesh.hpp">
      <Filter>Headers</Filter>
    </ClInclude>
    <ClInclude Include="$(ProjectDir)..\GeometryGenerator\include\generator\Iterator.hpp">
      <Filter>Headers</Filter>
    </ClInclude>
    <ClInclude Include="$(ProjectDir)..\GeometryGenerator\include\generator\KnotPath.hpp">
      <Filter>Headers</Filter>
    </ClInclude>
    <ClInclude Include="$(ProjectDir)..\GeometryGenerator\include\generator\LatheMesh.hpp">
      <Filter>Headers</Filter>
    </ClInclude>
    <ClInclude Include="$(ProjectDir)..\GeometryGenerator\include\generator\LinePath.hpp">
      <Filter>Headers</Filter>
    </ClInclude>
    <ClInclude Include="$(ProjectDir)..\GeometryGenerator\include\generator\LineShape.hpp">
      <Filter>Headers</Filter>
    </ClInclude>
    <ClInclude Include="$(ProjectDir)..\GeometryGenerator\include\generator\math.hpp">
      <Filter>Headers</Filter>
    </ClInclude>
    <ClInclude Include="$(ProjectDir)..\GeometryGenerator\include\generator\MergeMesh.hpp">
      <Filter>Headers</Filter>
    </ClInclude>
    <ClInclude Include="$(ProjectDir)..\GeometryGenerator\include\generator\MergePath.hpp">
      <Filter>Headers</Filter>
    </ClInclude>
    <ClInclude Include="$(ProjectDir)..\GeometryGenerator\include\generator\MergeShape.hpp">
      <Filter>Headers</Filter>
    </ClInclude>
    <ClInclude Include="$(ProjectDir)..\GeometryGenerator\include\generator\MeshVertex.hpp">
      <Filter>Headers</Filter>
    </ClInclude>
    <ClInclude Include="$(ProjectDir)..\GeometryGenerator\include\generator\MirrorMesh.hpp">
      <Filter>Headers</Filter>
    </ClInclude>
    <ClInclude Include="$(ProjectDir)..\GeometryGenerator\include\generator\ObjWriter.hpp">
      <Filter>Headers</Filter>
    </ClInclude>
    <ClInclude Include="$(ProjectDir)..\GeometryGenerator\include\generator\ParametricMesh.hpp">
      <Filter>Headers</Filter>
    </ClInclude>
    <ClInclude Include="$(ProjectDir)..\GeometryGenerator\include\generator\ParametricPath.hpp">
      <Filter>Headers</Filter>
    </ClInclude>
    <ClInclude Include="$(ProjectDir)..\GeometryGenerator\include\generator\ParametricShape.hpp">
      <Filter>Headers</Filter>
    </ClInclude>
    <ClInclude Include="$(ProjectDir)..\GeometryGenerator\include\generator\PathVertex.hpp">
      <Filter>Headers</Filter>
    </ClInclude>
    <ClInclude Include="$(ProjectDir)..\GeometryGenerator\include\generator\PlaneMesh.hpp">
      <Filter>Headers</Filter>
    </ClInclude>
    <ClInclude Include="$(ProjectDir)..\GeometryGenerator\include\generator\RectangleShape.hpp">
      <Filter>Headers</Filter>
    </ClInclude>
    <ClInclude Include="$(ProjectDir)..\GeometryGenerator\include\generator\RepeatMesh.hpp">
      <Filter>Headers</Filter>
    </ClInclude>
    <ClInclude Include="$(ProjectDir)..\GeometryGenerator\include\generator\RepeatPath.hpp">
      <Filter>Headers</Filter>
    </ClInclude>
    <ClInclude Include="$(ProjectDir)..\GeometryGenerator\include\generator\RepeatShape.hpp">
      <Filter>Headers</Filter>
    </ClInclude>
    <ClInclude Include="$(ProjectDir)..\GeometryGenerator\include\generator\RotateMesh.hpp">
      <Filter>Headers</Filter>
    </ClInclude>
    <ClInclude Include="$(ProjectDir)..\GeometryGenerator\include\generator\RotatePath.hpp">
      <Filter>Headers</Filter>
    </ClInclude>
    <ClInclude Include="$(ProjectDir)..\GeometryGenerator\include\generator\RotateShape.hpp">
      <Filter>Headers</Filter>
    </ClInclude>
    <ClInclude Include="$(ProjectDir)..\GeometryGenerator\include\generator\RoundedBoxMesh.hpp">
      <Filter>Headers</Filter>
    </ClInclude>
    <ClInclude Include="$(ProjectDir)..\GeometryGenerator\include\generator\RoundedRectangleShape.hpp">
      <Filter>Headers</Filter>
    </ClInclude>
    <ClInclude Include="$(ProjectDir)..\GeometryGenerator\include\generator\ScaleMesh.hpp">
      <Filter>Headers</Filter>
    </ClInclude>
    <ClInclude Include="$(ProjectDir)..\GeometryGenerator\include\generator\ScalePath.hpp">
      <Filter>Headers</Filter>
    </ClInclude>
    <ClInclude Include="$(ProjectDir)..\GeometryGenerator\include\generator\ScaleShape.hpp">
      <Filter>Headers</Filter>
    </ClInclude>
    <ClInclude Include="$(ProjectDir)..\GeometryGenerator\include\generator\ShapeToPath.hpp">
      <Filter>Headers</Filter>
    </ClInclude>
    <ClInclude Include="$(ProjectDir)..\GeometryGenerator\include\generator\ShapeVertex.hpp">
      <Filter>Headers</Filter>
    </ClInclude>
    <ClInclude Include="$(ProjectDir)..\GeometryGenerator\include\generator\SphereMesh.hpp">
      <Filter>Headers</Filter>
    </ClInclude>
    <ClInclude Include="$(ProjectDir)..\GeometryGenerator\include\generator\SphericalConeMesh.hpp">
      <Filter>Headers</Filter>
    </ClInclude>
    <ClInclude Include="$(ProjectDir)..\GeometryGenerator\include\generator\SphericalTriangleMesh.hpp">
      <Filter>Headers</Filter>
    </ClInclude>
    <ClInclude Include="$(ProjectDir)..\GeometryGenerator\include\generator\SpherifyMesh.hpp">
      <Filter>Headers</Filter>
    </ClInclude>
    <ClInclude Include="$(ProjectDir)..\GeometryGenerator\include\generator\SpringMesh.hpp">
      <Filter>Headers</Filter>
    </ClInclude>
    <ClInclude Include="$(ProjectDir)..\GeometryGenerator\include\generator\SubdivideMesh.hpp">
      <Filter>Headers</Filter>
    </ClInclude>
    <ClInclude Include="$(ProjectDir)..\GeometryGenerator\include\generator\SubdividePath.hpp">
      <Filter>Headers</Filter>
    </ClInclude>
    <ClInclude Include="$(ProjectDir)..\GeometryGenerator\include\generator\SubdivideShape.hpp">
      <Filter>Headers</Filter>
    </ClInclude>
    <ClInclude Include="$(ProjectDir)..\GeometryGenerator\include\generator\SvgWriter.hpp">
      <Filter>Headers</Filter>
    </ClInclude>
    <ClInclude Include="$(ProjectDir)..\GeometryGenerator\include\generator\TeapotMesh.hpp">
      <Filter>Headers</Filter>
    </ClInclude>
    <ClInclude Include="$(ProjectDir)..\GeometryGenerator\include\generator\TorusKnotMesh.hpp">
      <Filter>Headers</Filter>
    </ClInclude>
    <ClInclude Include="$(ProjectDir)..\GeometryGenerator\include\generator\TorusMesh.hpp">
      <Filter>Headers</Filter>
    </ClInclude>
    <ClInclude Include="$(ProjectDir)..\GeometryGenerator\include\generator\TransformMesh.hpp">
      <Filter>Headers</Filter>
    </ClInclude>
    <ClInclude Include="$(ProjectDir)..\GeometryGenerator\include\generator\TransformPath.hpp">
      <Filter>Headers</Filter>
    </ClInclude>
    <ClInclude Include="$(ProjectDir)..\GeometryGenerator\include\generator\TransformShape.hpp">
      <Filter>Headers</Filter>
    </ClInclude>
    <ClInclude Include="$(ProjectDir)..\GeometryGenerator\include\generator\TranslateMesh.hpp">
      <Filter>Headers</Filter>
    </ClInclude>
    <ClInclude Include="$(ProjectDir)..\GeometryGenerator\include\generator\TranslatePath.hpp">
      <Filter>Headers</Filter>
    </ClInclude>
    <ClInclude Include="$(ProjectDir)..\GeometryGenerator\include\generator\TranslateShape.hpp">
      <Filter>Headers</Filter>
    </ClInclude>
    <ClInclude Include="$(ProjectDir)..\GeometryGenerator\include\generator\Triangle.hpp">
      <Filter>Headers</Filter>
    </ClInclude>
    <ClInclude Include="$(ProjectDir)..\GeometryGenerator\include\generator\TriangleMesh.hpp">
      <Filter>Headers</Filter>
    </ClInclude>
    <ClInclude Include="$(ProjectDir)..\GeometryGenerator\include\generator\TubeMesh.hpp">
      <Filter>Headers</Filter>
    </ClInclude>
    <ClInclude Include="$(ProjectDir)..\GeometryGenerator\include\generator\utils.hpp">
      <Filter>Headers</Filter>
    </ClInclude>
    <ClInclude Include="$(ProjectDir)..\GeometryGenerator\include\generator\UvFlipMesh.hpp">
      <Filter>Headers</Filter>
    </ClInclude>
    <ClInclude Include="$(ProjectDir)..\GeometryGenerator\include\generator\UvSwapMesh.hpp">
      <Filter>Headers</Filter>
    </ClInclude>
  </ItemGroup>
  <ItemGroup>
    <Filter Include="Headers">
      <UniqueIdentifier>{1a649124-d67e-4a82-8d0c-ee83f302031f}</UniqueIdentifier>
    </Filter>
    <Filter Include="Source">
      <UniqueIdentifier>{924e38d5-048a-46b5-b853-a383f0b14faf}</UniqueIdentifier>
    </Filter>
  </ItemGroup>
</Project>