<?xml version="1.0" encoding="utf-8"?>
<Project ToolsVersion="4.0" xmlns="http://schemas.microsoft.com/developer/msbuild/2003">
  <ItemGroup>
    <ClCompile Include="main.cpp" />
  </ItemGroup>
  <ItemGroup>
    <Filter Include="Tests">
      <UniqueIdentifier>{33dbbc71-f065-4b13-8be7-da2d38828dfd}</UniqueIdentifier>
    </Filter>
  </ItemGroup>
  <ItemGroup>
    <ClInclude Include="AllTests.h" />
    <ClInclude Include="Tests\Toml.hpp">
      <Filter>Tests</Filter>
    </ClInclude>
    <ClInclude Include="Tests\Buffers.hpp">
      <Filter>Tests</Filter>
    </ClInclude>
    <ClInclude Include="Tests\Textures.hpp">
      <Filter>Tests</Filter>
    </ClInclude>
    <ClInclude Include="Tests\TexTargets.hpp">
      <Filter>Tests</Filter>
    </ClInclude>
    <ClInclude Include="SimpleApp.hpp" />
    <ClInclude Include="Tests\ShaderCompilation.hpp">
      <Filter>Tests</Filter>
    </ClInclude>
    <ClInclude Include="Tests\SimpleApps.hpp">
      <Filter>Tests</Filter>
    </ClInclude>
    <ClInclude Include="Tests\Strings.hpp">
      <Filter>Tests</Filter>
    </ClInclude>
    <ClInclude Include="Tests\SceneTrees.hpp" />
    <ClInclude Include="Tests\Math.hpp" />
  </ItemGroup>
</Project>